
Microsoft Visual Studio Solution File, Format Version 12.00
# Visual Studio Version 16
VisualStudioVersion = 16.0.29123.88
MinimumVisualStudioVersion = 10.0.40219.1
Project("{FAE04EC0-301F-11D3-BF4B-00C04F79EFBC}") = "CrudAspNetMvc1N", "CrudAspNetMvc1N\CrudAspNetMvc1N.csproj", "{A1EFBF1A-C1E7-4F5D-84AD-587D7909701D}"
EndProject
Global
	GlobalSection(SolutionConfigurationPlatforms) = preSolution
		Debug|Any CPU = Debug|Any CPU
		Release|Any CPU = Release|Any CPU
	EndGlobalSection
	GlobalSection(ProjectConfigurationPlatforms) = postSolution
		{A1EFBF1A-C1E7-4F5D-84AD-587D7909701D}.Debug|Any CPU.ActiveCfg = Debug|Any CPU
		{A1EFBF1A-C1E7-4F5D-84AD-587D7909701D}.Debug|Any CPU.Build.0 = Debug|Any CPU
		{A1EFBF1A-C1E7-4F5D-84AD-587D7909701D}.Release|Any CPU.ActiveCfg = Release|Any CPU
		{A1EFBF1A-C1E7-4F5D-84AD-587D7909701D}.Release|Any CPU.Build.0 = Release|Any CPU
	EndGlobalSection
	GlobalSection(SolutionProperties) = preSolution
		HideSolutionNode = FALSE
	EndGlobalSection
	GlobalSection(ExtensibilityGlobals) = postSolution
		SolutionGuid = {C01E7181-37EC-4D11-9317-C5B3CE6E5683}
	EndGlobalSection
EndGlobal
